{
  "object": {
    "pins": [
      {
        "package": "SDWebImage",
        "repositoryURL": "https://github.com/SDWebImage/SDWebImage.git",
        "state": {
          "branch": null,
          "revision": "74ae21337c415bb542eb901803f3e84799265c34",
          "version": "5.7.2"
        }
      }
    ]
  },
  "version": 1
}
