// !$*UTF8*$!
{
	archiveVersion = 1;
	classes = {
	};
	objectVersion = 52;
	objects = {

/* Begin PBXBuildFile section */
		CB39CA47244A285500F07E98 /* AppDelegate.swift in Sources */ = {isa = PBXBuildFile; fileRef = CB39CA46244A285500F07E98 /* AppDelegate.swift */; };
		CB39CA49244A285500F07E98 /* SceneDelegate.swift in Sources */ = {isa = PBXBuildFile; fileRef = CB39CA48244A285500F07E98 /* SceneDelegate.swift */; };
		CB39CA4B244A285500F07E98 /* ImagesCollectionVC.swift in Sources */ = {isa = PBXBuildFile; fileRef = CB39CA4A244A285500F07E98 /* ImagesCollectionVC.swift */; };
		CB39CA4E244A285500F07E98 /* Main.storyboard in Resources */ = {isa = PBXBuildFile; fileRef = CB39CA4C244A285500F07E98 /* Main.storyboard */; };
		CB39CA50244A285600F07E98 /* Assets.xcassets in Resources */ = {isa = PBXBuildFile; fileRef = CB39CA4F244A285600F07E98 /* Assets.xcassets */; };
		CB39CA53244A285600F07E98 /* LaunchScreen.storyboard in Resources */ = {isa = PBXBuildFile; fileRef = CB39CA51244A285600F07E98 /* LaunchScreen.storyboard */; };
		CB39CA5E244A2AE200F07E98 /* CollectionViewCell.swift in Sources */ = {isa = PBXBuildFile; fileRef = CB39CA5D244A2AE200F07E98 /* CollectionViewCell.swift */; };
		CBBFFEB5244A45F500F5EB26 /* Json4Swift_Base.swift in Sources */ = {isa = PBXBuildFile; fileRef = CBBFFEB3244A45F500F5EB26 /* Json4Swift_Base.swift */; };
		CBBFFEB6244A45F500F5EB26 /* Hits.swift in Sources */ = {isa = PBXBuildFile; fileRef = CBBFFEB4244A45F500F5EB26 /* Hits.swift */; };
		CBBFFEBF244AD70200F5EB26 /* SDWebImage in Frameworks */ = {isa = PBXBuildFile; productRef = CBBFFEBE244AD70200F5EB26 /* SDWebImage */; };
		CBBFFEC2244ADBE700F5EB26 /* UIImage+Ex.swift in Sources */ = {isa = PBXBuildFile; fileRef = CBBFFEC1244ADBE700F5EB26 /* UIImage+Ex.swift */; };
		CBBFFEC4244AF5D700F5EB26 /* ImageVC.swift in Sources */ = {isa = PBXBuildFile; fileRef = CBBFFEC3244AF5D700F5EB26 /* ImageVC.swift */; };
		CBBFFEC6244AFE3E00F5EB26 /* ChoosedImagesVC.swift in Sources */ = {isa = PBXBuildFile; fileRef = CBBFFEC5244AFE3E00F5EB26 /* ChoosedImagesVC.swift */; };
		CBBFFEC8244B138F00F5EB26 /* CustomLabel.swift in Sources */ = {isa = PBXBuildFile; fileRef = CBBFFEC7244B138F00F5EB26 /* CustomLabel.swift */; };
		CBBFFECA244B139E00F5EB26 /* CustomTextField.swift in Sources */ = {isa = PBXBuildFile; fileRef = CBBFFEC9244B139E00F5EB26 /* CustomTextField.swift */; };
/* End PBXBuildFile section */

/* Begin PBXFileReference section */
		CB39CA43244A285500F07E98 /* Cute-Display.app */ = {isa = PBXFileReference; explicitFileType = wrapper.application; includeInIndex = 0; path = "Cute-Display.app"; sourceTree = BUILT_PRODUCTS_DIR; };
		CB39CA46244A285500F07E98 /* AppDelegate.swift */ = {isa = PBXFileReference; lastKnownFileType = sourcecode.swift; path = AppDelegate.swift; sourceTree = "<group>"; };
		CB39CA48244A285500F07E98 /* SceneDelegate.swift */ = {isa = PBXFileReference; lastKnownFileType = sourcecode.swift; path = SceneDelegate.swift; sourceTree = "<group>"; };
		CB39CA4A244A285500F07E98 /* ImagesCollectionVC.swift */ = {isa = PBXFileReference; lastKnownFileType = sourcecode.swift; path = ImagesCollectionVC.swift; sourceTree = "<group>"; };
		CB39CA4D244A285500F07E98 /* Base */ = {isa = PBXFileReference; lastKnownFileType = file.storyboard; name = Base; path = Base.lproj/Main.storyboard; sourceTree = "<group>"; };
		CB39CA4F244A285600F07E98 /* Assets.xcassets */ = {isa = PBXFileReference; lastKnownFileType = folder.assetcatalog; path = Assets.xcassets; sourceTree = "<group>"; };
		CB39CA52244A285600F07E98 /* Base */ = {isa = PBXFileReference; lastKnownFileType = file.storyboard; name = Base; path = Base.lproj/LaunchScreen.storyboard; sourceTree = "<group>"; };
		CB39CA54244A285600F07E98 /* Info.plist */ = {isa = PBXFileReference; lastKnownFileType = text.plist.xml; path = Info.plist; sourceTree = "<group>"; };
		CB39CA5D244A2AE200F07E98 /* CollectionViewCell.swift */ = {isa = PBXFileReference; lastKnownFileType = sourcecode.swift; path = CollectionViewCell.swift; sourceTree = "<group>"; };
		CBBFFEB3244A45F500F5EB26 /* Json4Swift_Base.swift */ = {isa = PBXFileReference; fileEncoding = 4; lastKnownFileType = sourcecode.swift; path = Json4Swift_Base.swift; sourceTree = "<group>"; };
		CBBFFEB4244A45F500F5EB26 /* Hits.swift */ = {isa = PBXFileReference; fileEncoding = 4; lastKnownFileType = sourcecode.swift; path = Hits.swift; sourceTree = "<group>"; };
		CBBFFEC1244ADBE700F5EB26 /* UIImage+Ex.swift */ = {isa = PBXFileReference; lastKnownFileType = sourcecode.swift; path = "UIImage+Ex.swift"; sourceTree = "<group>"; };
		CBBFFEC3244AF5D700F5EB26 /* ImageVC.swift */ = {isa = PBXFileReference; lastKnownFileType = sourcecode.swift; path = ImageVC.swift; sourceTree = "<group>"; };
		CBBFFEC5244AFE3E00F5EB26 /* ChoosedImagesVC.swift */ = {isa = PBXFileReference; lastKnownFileType = sourcecode.swift; path = ChoosedImagesVC.swift; sourceTree = "<group>"; };
		CBBFFEC7244B138F00F5EB26 /* CustomLabel.swift */ = {isa = PBXFileReference; lastKnownFileType = sourcecode.swift; path = CustomLabel.swift; sourceTree = "<group>"; };
		CBBFFEC9244B139E00F5EB26 /* CustomTextField.swift */ = {isa = PBXFileReference; lastKnownFileType = sourcecode.swift; path = CustomTextField.swift; sourceTree = "<group>"; };
/* End PBXFileReference section */

/* Begin PBXFrameworksBuildPhase section */
		CB39CA40244A285500F07E98 /* Frameworks */ = {
			isa = PBXFrameworksBuildPhase;
			buildActionMask = 2147483647;
			files = (
				CBBFFEBF244AD70200F5EB26 /* SDWebImage in Frameworks */,
			);
			runOnlyForDeploymentPostprocessing = 0;
		};
/* End PBXFrameworksBuildPhase section */

/* Begin PBXGroup section */
		CB39CA3A244A285500F07E98 = {
			isa = PBXGroup;
			children = (
				CB39CA45244A285500F07E98 /* Cute-Display */,
				CB39CA44244A285500F07E98 /* Products */,
			);
			sourceTree = "<group>";
		};
		CB39CA44244A285500F07E98 /* Products */ = {
			isa = PBXGroup;
			children = (
				CB39CA43244A285500F07E98 /* Cute-Display.app */,
			);
			name = Products;
			sourceTree = "<group>";
		};
		CB39CA45244A285500F07E98 /* Cute-Display */ = {
			isa = PBXGroup;
			children = (
				CBBFFEC0244ADBD500F5EB26 /* Extensions */,
				CBBFFEB2244A45DB00F5EB26 /* Model */,
				CB39CA5C244A2AD700F07E98 /* View */,
				CB39CA5A244A28A300F07E98 /* Supporting Files */,
				CB39CA5B244A28B100F07E98 /* View Controller */,
				CB39CA4F244A285600F07E98 /* Assets.xcassets */,
				CB39CA54244A285600F07E98 /* Info.plist */,
			);
			path = "Cute-Display";
			sourceTree = "<group>";
		};
		CB39CA5A244A28A300F07E98 /* Supporting Files */ = {
			isa = PBXGroup;
			children = (
				CB39CA46244A285500F07E98 /* AppDelegate.swift */,
				CB39CA48244A285500F07E98 /* SceneDelegate.swift */,
				CB39CA4C244A285500F07E98 /* Main.storyboard */,
				CB39CA51244A285600F07E98 /* LaunchScreen.storyboard */,
			);
			path = "Supporting Files";
			sourceTree = "<group>";
		};
		CB39CA5B244A28B100F07E98 /* View Controller */ = {
			isa = PBXGroup;
			children = (
				CBBFFEC5244AFE3E00F5EB26 /* ChoosedImagesVC.swift */,
				CB39CA4A244A285500F07E98 /* ImagesCollectionVC.swift */,
				CBBFFEC3244AF5D700F5EB26 /* ImageVC.swift */,
			);
			path = "View Controller";
			sourceTree = "<group>";
		};
		CB39CA5C244A2AD700F07E98 /* View */ = {
			isa = PBXGroup;
			children = (
				CB39CA5D244A2AE200F07E98 /* CollectionViewCell.swift */,
			);
			path = View;
			sourceTree = "<group>";
		};
		CBBFFEB2244A45DB00F5EB26 /* Model */ = {
			isa = PBXGroup;
			children = (
				CBBFFEB4244A45F500F5EB26 /* Hits.swift */,
				CBBFFEB3244A45F500F5EB26 /* Json4Swift_Base.swift */,
			);
			path = Model;
			sourceTree = "<group>";
		};
		CBBFFEC0244ADBD500F5EB26 /* Extensions */ = {
			isa = PBXGroup;
			children = (
				CBBFFEC1244ADBE700F5EB26 /* UIImage+Ex.swift */,
				CBBFFEC7244B138F00F5EB26 /* CustomLabel.swift */,
				CBBFFEC9244B139E00F5EB26 /* CustomTextField.swift */,
			);
			path = Extensions;
			sourceTree = "<group>";
		};
/* End PBXGroup section */

/* Begin PBXNativeTarget section */
		CB39CA42244A285500F07E98 /* Cute-Display */ = {
			isa = PBXNativeTarget;
			buildConfigurationList = CB39CA57244A285600F07E98 /* Build configuration list for PBXNativeTarget "Cute-Display" */;
			buildPhases = (
				CB39CA3F244A285500F07E98 /* Sources */,
				CB39CA40244A285500F07E98 /* Frameworks */,
				CB39CA41244A285500F07E98 /* Resources */,
			);
			buildRules = (
			);
			dependencies = (
			);
			name = "Cute-Display";
			packageProductDependencies = (
				CBBFFEBE244AD70200F5EB26 /* SDWebImage */,
			);
			productName = "Cute-Display";
			productReference = CB39CA43244A285500F07E98 /* Cute-Display.app */;
			productType = "com.apple.product-type.application";
		};
/* End PBXNativeTarget section */

/* Begin PBXProject section */
		CB39CA3B244A285500F07E98 /* Project object */ = {
			isa = PBXProject;
			attributes = {
				LastSwiftUpdateCheck = 1140;
				LastUpgradeCheck = 1140;
				ORGANIZATIONNAME = "Umer Khan";
				TargetAttributes = {
					CB39CA42244A285500F07E98 = {
						CreatedOnToolsVersion = 11.4;
					};
				};
			};
			buildConfigurationList = CB39CA3E244A285500F07E98 /* Build configuration list for PBXProject "Cute-Display" */;
			compatibilityVersion = "Xcode 9.3";
			developmentRegion = en;
			hasScannedForEncodings = 0;
			knownRegions = (
				en,
				Base,
			);
			mainGroup = CB39CA3A244A285500F07E98;
			packageReferences = (
				CBBFFEBD244AD70200F5EB26 /* XCRemoteSwiftPackageReference "SDWebImage" */,
			);
			productRefGroup = CB39CA44244A285500F07E98 /* Products */;
			projectDirPath = "";
			projectRoot = "";
			targets = (
				CB39CA42244A285500F07E98 /* Cute-Display */,
			);
		};
/* End PBXProject section */

/* Begin PBXResourcesBuildPhase section */
		CB39CA41244A285500F07E98 /* Resources */ = {
			isa = PBXResourcesBuildPhase;
			buildActionMask = 2147483647;
			files = (
				CB39CA53244A285600F07E98 /* LaunchScreen.storyboard in Resources */,
				CB39CA50244A285600F07E98 /* Assets.xcassets in Resources */,
				CB39CA4E244A285500F07E98 /* Main.storyboard in Resources */,
			);
			runOnlyForDeploymentPostprocessing = 0;
		};
/* End PBXResourcesBuildPhase section */

/* Begin PBXSourcesBuildPhase section */
		CB39CA3F244A285500F07E98 /* Sources */ = {
			isa = PBXSourcesBuildPhase;
			buildActionMask = 2147483647;
			files = (
				CBBFFEC2244ADBE700F5EB26 /* UIImage+Ex.swift in Sources */,
				CBBFFECA244B139E00F5EB26 /* CustomTextField.swift in Sources */,
				CBBFFEC8244B138F00F5EB26 /* CustomLabel.swift in Sources */,
				CB39CA4B244A285500F07E98 /* ImagesCollectionVC.swift in Sources */,
				CB39CA47244A285500F07E98 /* AppDelegate.swift in Sources */,
				CBBFFEC6244AFE3E00F5EB26 /* ChoosedImagesVC.swift in Sources */,
				CB39CA5E244A2AE200F07E98 /* CollectionViewCell.swift in Sources */,
				CBBFFEB5244A45F500F5EB26 /* Json4Swift_Base.swift in Sources */,
				CB39CA49244A285500F07E98 /* SceneDelegate.swift in Sources */,
				CBBFFEC4244AF5D700F5EB26 /* ImageVC.swift in Sources */,
				CBBFFEB6244A45F500F5EB26 /* Hits.swift in Sources */,
			);
			runOnlyForDeploymentPostprocessing = 0;
		};
/* End PBXSourcesBuildPhase section */

/* Begin PBXVariantGroup section */
		CB39CA4C244A285500F07E98 /* Main.storyboard */ = {
			isa = PBXVariantGroup;
			children = (
				CB39CA4D244A285500F07E98 /* Base */,
			);
			name = Main.storyboard;
			sourceTree = "<group>";
		};
		CB39CA51244A285600F07E98 /* LaunchScreen.storyboard */ = {
			isa = PBXVariantGroup;
			children = (
				CB39CA52244A285600F07E98 /* Base */,
			);
			name = LaunchScreen.storyboard;
			sourceTree = "<group>";
		};
/* End PBXVariantGroup section */

/* Begin XCBuildConfiguration section */
		CB39CA55244A285600F07E98 /* Debug */ = {
			isa = XCBuildConfiguration;
			buildSettings = {
				ALWAYS_SEARCH_USER_PATHS = NO;
				CLANG_ANALYZER_NONNULL = YES;
				CLANG_ANALYZER_NUMBER_OBJECT_CONVERSION = YES_AGGRESSIVE;
				CLANG_CXX_LANGUAGE_STANDARD = "gnu++14";
				CLANG_CXX_LIBRARY = "libc++";
				CLANG_ENABLE_MODULES = YES;
				CLANG_ENABLE_OBJC_ARC = YES;
				CLANG_ENABLE_OBJC_WEAK = YES;
				CLANG_WARN_BLOCK_CAPTURE_AUTORELEASING = YES;
				CLANG_WARN_BOOL_CONVERSION = YES;
				CLANG_WARN_COMMA = YES;
				CLANG_WARN_CONSTANT_CONVERSION = YES;
				CLANG_WARN_DEPRECATED_OBJC_IMPLEMENTATIONS = YES;
				CLANG_WARN_DIRECT_OBJC_ISA_USAGE = YES_ERROR;
				CLANG_WARN_DOCUMENTATION_COMMENTS = YES;
				CLANG_WARN_EMPTY_BODY = YES;
				CLANG_WARN_ENUM_CONVERSION = YES;
				CLANG_WARN_INFINITE_RECURSION = YES;
				CLANG_WARN_INT_CONVERSION = YES;
				CLANG_WARN_NON_LITERAL_NULL_CONVERSION = YES;
				CLANG_WARN_OBJC_IMPLICIT_RETAIN_SELF = YES;
				CLANG_WARN_OBJC_LITERAL_CONVERSION = YES;
				CLANG_WARN_OBJC_ROOT_CLASS = YES_ERROR;
				CLANG_WARN_RANGE_LOOP_ANALYSIS = YES;
				CLANG_WARN_STRICT_PROTOTYPES = YES;
				CLANG_WARN_SUSPICIOUS_MOVE = YES;
				CLANG_WARN_UNGUARDED_AVAILABILITY = YES_AGGRESSIVE;
				CLANG_WARN_UNREACHABLE_CODE = YES;
				CLANG_WARN__DUPLICATE_METHOD_MATCH = YES;
				COPY_PHASE_STRIP = NO;
				DEBUG_INFORMATION_FORMAT = dwarf;
				ENABLE_STRICT_OBJC_MSGSEND = YES;
				ENABLE_TESTABILITY = YES;
				GCC_C_LANGUAGE_STANDARD = gnu11;
				GCC_DYNAMIC_NO_PIC = NO;
				GCC_NO_COMMON_BLOCKS = YES;
				GCC_OPTIMIZATION_LEVEL = 0;
				GCC_PREPROCESSOR_DEFINITIONS = (
					"DEBUG=1",
					"$(inherited)",
				);
				GCC_WARN_64_TO_32_BIT_CONVERSION = YES;
				GCC_WARN_ABOUT_RETURN_TYPE = YES_ERROR;
				GCC_WARN_UNDECLARED_SELECTOR = YES;
				GCC_WARN_UNINITIALIZED_AUTOS = YES_AGGRESSIVE;
				GCC_WARN_UNUSED_FUNCTION = YES;
				GCC_WARN_UNUSED_VARIABLE = YES;
				IPHONEOS_DEPLOYMENT_TARGET = 13.4;
				MTL_ENABLE_DEBUG_INFO = INCLUDE_SOURCE;
				MTL_FAST_MATH = YES;
				ONLY_ACTIVE_ARCH = YES;
				SDKROOT = iphoneos;
				SWIFT_ACTIVE_COMPILATION_CONDITIONS = DEBUG;
				SWIFT_OPTIMIZATION_LEVEL = "-Onone";
			};
			name = Debug;
		};
		CB39CA56244A285600F07E98 /* Release */ = {
			isa = XCBuildConfiguration;
			buildSettings = {
				ALWAYS_SEARCH_USER_PATHS = NO;
				CLANG_ANALYZER_NONNULL = YES;
				CLANG_ANALYZER_NUMBER_OBJECT_CONVERSION = YES_AGGRESSIVE;
				CLANG_CXX_LANGUAGE_STANDARD = "gnu++14";
				CLANG_CXX_LIBRARY = "libc++";
				CLANG_ENABLE_MODULES = YES;
				CLANG_ENABLE_OBJC_ARC = YES;
				CLANG_ENABLE_OBJC_WEAK = YES;
				CLANG_WARN_BLOCK_CAPTURE_AUTORELEASING = YES;
				CLANG_WARN_BOOL_CONVERSION = YES;
				CLANG_WARN_COMMA = YES;
				CLANG_WARN_CONSTANT_CONVERSION = YES;
				CLANG_WARN_DEPRECATED_OBJC_IMPLEMENTATIONS = YES;
				CLANG_WARN_DIRECT_OBJC_ISA_USAGE = YES_ERROR;
				CLANG_WARN_DOCUMENTATION_COMMENTS = YES;
				CLANG_WARN_EMPTY_BODY = YES;
				CLANG_WARN_ENUM_CONVERSION = YES;
				CLANG_WARN_INFINITE_RECURSION = YES;
				CLANG_WARN_INT_CONVERSION = YES;
				CLANG_WARN_NON_LITERAL_NULL_CONVERSION = YES;
				CLANG_WARN_OBJC_IMPLICIT_RETAIN_SELF = YES;
				CLANG_WARN_OBJC_LITERAL_CONVERSION = YES;
				CLANG_WARN_OBJC_ROOT_CLASS = YES_ERROR;
				CLANG_WARN_RANGE_LOOP_ANALYSIS = YES;
				CLANG_WARN_STRICT_PROTOTYPES = YES;
				CLANG_WARN_SUSPICIOUS_MOVE = YES;
				CLANG_WARN_UNGUARDED_AVAILABILITY = YES_AGGRESSIVE;
				CLANG_WARN_UNREACHABLE_CODE = YES;
				CLANG_WARN__DUPLICATE_METHOD_MATCH = YES;
				COPY_PHASE_STRIP = NO;
				DEBUG_INFORMATION_FORMAT = "dwarf-with-dsym";
				ENABLE_NS_ASSERTIONS = NO;
				ENABLE_STRICT_OBJC_MSGSEND = YES;
				GCC_C_LANGUAGE_STANDARD = gnu11;
				GCC_NO_COMMON_BLOCKS = YES;
				GCC_WARN_64_TO_32_BIT_CONVERSION = YES;
				GCC_WARN_ABOUT_RETURN_TYPE = YES_ERROR;
				GCC_WARN_UNDECLARED_SELECTOR = YES;
				GCC_WARN_UNINITIALIZED_AUTOS = YES_AGGRESSIVE;
				GCC_WARN_UNUSED_FUNCTION = YES;
				GCC_WARN_UNUSED_VARIABLE = YES;
				IPHONEOS_DEPLOYMENT_TARGET = 13.4;
				MTL_ENABLE_DEBUG_INFO = NO;
				MTL_FAST_MATH = YES;
				SDKROOT = iphoneos;
				SWIFT_COMPILATION_MODE = wholemodule;
				SWIFT_OPTIMIZATION_LEVEL = "-O";
				VALIDATE_PRODUCT = YES;
			};
			name = Release;
		};
		CB39CA58244A285600F07E98 /* Debug */ = {
			isa = XCBuildConfiguration;
			buildSettings = {
				ASSETCATALOG_COMPILER_APPICON_NAME = AppIcon;
				CODE_SIGN_STYLE = Automatic;
				DEVELOPMENT_TEAM = 646XC4LJ39;
				INFOPLIST_FILE = "Cute-Display/Info.plist";
				IPHONEOS_DEPLOYMENT_TARGET = 12.0;
				LD_RUNPATH_SEARCH_PATHS = (
					"$(inherited)",
					"@executable_path/Frameworks",
				);
				PRODUCT_BUNDLE_IDENTIFIER = "com.developers.Cute-Display";
				PRODUCT_NAME = "$(TARGET_NAME)";
				SWIFT_VERSION = 5.0;
				TARGETED_DEVICE_FAMILY = 1;
			};
			name = Debug;
		};
		CB39CA59244A285600F07E98 /* Release */ = {
			isa = XCBuildConfiguration;
			buildSettings = {
				ASSETCATALOG_COMPILER_APPICON_NAME = AppIcon;
				CODE_SIGN_STYLE = Automatic;
				DEVELOPMENT_TEAM = 646XC4LJ39;
				INFOPLIST_FILE = "Cute-Display/Info.plist";
				IPHONEOS_DEPLOYMENT_TARGET = 12.0;
				LD_RUNPATH_SEARCH_PATHS = (
					"$(inherited)",
					"@executable_path/Frameworks",
				);
				PRODUCT_BUNDLE_IDENTIFIER = "com.developers.Cute-Display";
				PRODUCT_NAME = "$(TARGET_NAME)";
				SWIFT_VERSION = 5.0;
				TARGETED_DEVICE_FAMILY = 1;
			};
			name = Release;
		};
/* End XCBuildConfiguration section */

/* Begin XCConfigurationList section */
		CB39CA3E244A285500F07E98 /* Build configuration list for PBXProject "Cute-Display" */ = {
			isa = XCConfigurationList;
			buildConfigurations = (
				CB39CA55244A285600F07E98 /* Debug */,
				CB39CA56244A285600F07E98 /* Release */,
			);
			defaultConfigurationIsVisible = 0;
			defaultConfigurationName = Release;
		};
		CB39CA57244A285600F07E98 /* Build configuration list for PBXNativeTarget "Cute-Display" */ = {
			isa = XCConfigurationList;
			buildConfigurations = (
				CB39CA58244A285600F07E98 /* Debug */,
				CB39CA59244A285600F07E98 /* Release */,
			);
			defaultConfigurationIsVisible = 0;
			defaultConfigurationName = Release;
		};
/* End XCConfigurationList section */

/* Begin XCRemoteSwiftPackageReference section */
		CBBFFEBD244AD70200F5EB26 /* XCRemoteSwiftPackageReference "SDWebImage" */ = {
			isa = XCRemoteSwiftPackageReference;
			repositoryURL = "https://github.com/SDWebImage/SDWebImage.git";
			requirement = {
				kind = upToNextMajorVersion;
				minimumVersion = 5.7.2;
			};
		};
/* End XCRemoteSwiftPackageReference section */

/* Begin XCSwiftPackageProductDependency section */
		CBBFFEBE244AD70200F5EB26 /* SDWebImage */ = {
			isa = XCSwiftPackageProductDependency;
			package = CBBFFEBD244AD70200F5EB26 /* XCRemoteSwiftPackageReference "SDWebImage" */;
			productName = SDWebImage;
		};
/* End XCSwiftPackageProductDependency section */
	};
	rootObject = CB39CA3B244A285500F07E98 /* Project object */;
}
